{
  "name": "frontend",
  "lockfileVersion": 3,
  "requires": true,
  "packages": {
    "": {
      "dependencies": {
        "lucide": "^0.503.0"
      }
    },
    "node_modules/lucide": {
      "version": "0.503.0",
      "resolved": "https://registry.npmjs.org/lucide/-/lucide-0.503.0.tgz",
      "integrity": "sha512-ZAVlxBU4dbSUAVidb2eT0fH3bTtKCj7M2aZNAVsFOrcnazvYJFu6I8OxFE+Fmx5XNf22Cw4Ln3NBHfBxNfoFOw==",
      "license": "ISC"
    }
  }
}
